// !$*UTF8*$!
{
	archiveVersion = 1;
	classes = {
	};
	objectVersion = 50;
	objects = {

/* Begin PBXBuildFile section */
		04854A3CE4592A8E0AC6A7A8 /* Pods_SCWeiboAssistant.framework in Frameworks */ = {isa = PBXBuildFile; fileRef = 5BE6C868617C149D9B8DDC59 /* Pods_SCWeiboAssistant.framework */; };
		0D000452226AAAE400BB073D /* FFLabel.swift in Sources */ = {isa = PBXBuildFile; fileRef = 0D000451226AAAE400BB073D /* FFLabel.swift */; };
		0D000456226AAE1500BB073D /* SCNetworkManager.swift in Sources */ = {isa = PBXBuildFile; fileRef = 0D000455226AAE1500BB073D /* SCNetworkManager.swift */; };
		0D00045B226AE1FE00BB073D /* SCNetworkManager+extension.swift in Sources */ = {isa = PBXBuildFile; fileRef = 0D00045A226AE1FE00BB073D /* SCNetworkManager+extension.swift */; };
		0D0004CF226B044F00BB073D /* SCStatus.swift in Sources */ = {isa = PBXBuildFile; fileRef = 0D0004CE226B044F00BB073D /* SCStatus.swift */; };
		0D0E2CFA226999DE00256D39 /* main.json in Resources */ = {isa = PBXBuildFile; fileRef = 0D0E2CF9226999DD00256D39 /* main.json */; };
		0D2F3FBA227E9F8800FB45B7 /* SCComposeTypeView.swift in Sources */ = {isa = PBXBuildFile; fileRef = 0D2F3FB9227E9F8800FB45B7 /* SCComposeTypeView.swift */; };
		0D2F3FBC227EA83800FB45B7 /* SCComposeTypeView.xib in Resources */ = {isa = PBXBuildFile; fileRef = 0D2F3FBB227EA83800FB45B7 /* SCComposeTypeView.xib */; };
		0D2F3FBE227EB21700FB45B7 /* SCComposeTypeButton.swift in Sources */ = {isa = PBXBuildFile; fileRef = 0D2F3FBD227EB21700FB45B7 /* SCComposeTypeButton.swift */; };
		0D2F3FC0227EB25D00FB45B7 /* SCComposeTypeButton.xib in Resources */ = {isa = PBXBuildFile; fileRef = 0D2F3FBF227EB25D00FB45B7 /* SCComposeTypeButton.xib */; };
		0D347D232273DCDB001F218F /* SCStatusTableViewCell.swift in Sources */ = {isa = PBXBuildFile; fileRef = 0D347D222273DCDB001F218F /* SCStatusTableViewCell.swift */; };
		0D347D252273DD22001F218F /* SCStatusTableViewNormalCell.xib in Resources */ = {isa = PBXBuildFile; fileRef = 0D347D242273DD22001F218F /* SCStatusTableViewNormalCell.xib */; };
		0D36522C227FFE0700C2ECC6 /* UIView+extension.swift in Sources */ = {isa = PBXBuildFile; fileRef = 0D36522B227FFE0700C2ECC6 /* UIView+extension.swift */; };
		0D36522E22801DC900C2ECC6 /* SCComposeIdeaController.swift in Sources */ = {isa = PBXBuildFile; fileRef = 0D36522D22801DC900C2ECC6 /* SCComposeIdeaController.swift */; };
		0D3F0170227674D500E504E8 /* SCStatusPictureView.swift in Sources */ = {isa = PBXBuildFile; fileRef = 0D3F016F227674D500E504E8 /* SCStatusPictureView.swift */; };
		0D43253F22645EC300FBAC1B /* AppDelegate.swift in Sources */ = {isa = PBXBuildFile; fileRef = 0D43253E22645EC300FBAC1B /* AppDelegate.swift */; };
		0D43254622645EC400FBAC1B /* Assets.xcassets in Resources */ = {isa = PBXBuildFile; fileRef = 0D43254522645EC400FBAC1B /* Assets.xcassets */; };
		0D43255422645EC400FBAC1B /* SCWeiboAssistantTests.swift in Sources */ = {isa = PBXBuildFile; fileRef = 0D43255322645EC400FBAC1B /* SCWeiboAssistantTests.swift */; };
		0D43255F22645EC400FBAC1B /* SCWeiboAssistantUITests.swift in Sources */ = {isa = PBXBuildFile; fileRef = 0D43255E22645EC400FBAC1B /* SCWeiboAssistantUITests.swift */; };
		0D43257622646E8200FBAC1B /* SCMainViewController.swift in Sources */ = {isa = PBXBuildFile; fileRef = 0D43257522646E8200FBAC1B /* SCMainViewController.swift */; };
		0D43257822646EBE00FBAC1B /* SCNavigationViewController.swift in Sources */ = {isa = PBXBuildFile; fileRef = 0D43257722646EBE00FBAC1B /* SCNavigationViewController.swift */; };
		0D43257A22646EFC00FBAC1B /* SCBaseViewController.swift in Sources */ = {isa = PBXBuildFile; fileRef = 0D43257922646EFC00FBAC1B /* SCBaseViewController.swift */; };
		0D43257D22646F5200FBAC1B /* SCHomeViewController.swift in Sources */ = {isa = PBXBuildFile; fileRef = 0D43257C22646F5200FBAC1B /* SCHomeViewController.swift */; };
		0D43257F22646F6A00FBAC1B /* SCMessageViewController.swift in Sources */ = {isa = PBXBuildFile; fileRef = 0D43257E22646F6A00FBAC1B /* SCMessageViewController.swift */; };
		0D43258122646F7600FBAC1B /* SCDiscoverViewController.swift in Sources */ = {isa = PBXBuildFile; fileRef = 0D43258022646F7600FBAC1B /* SCDiscoverViewController.swift */; };
		0D43258322646F8300FBAC1B /* SCProfileViewController.swift in Sources */ = {isa = PBXBuildFile; fileRef = 0D43258222646F8300FBAC1B /* SCProfileViewController.swift */; };
		0D43259E2264713C00FBAC1B /* UIColor+SCAddition.m in Sources */ = {isa = PBXBuildFile; fileRef = 0D4325852264713C00FBAC1B /* UIColor+SCAddition.m */; };
		0D43259F2264713C00FBAC1B /* CABasicAnimation+SCAddition.m in Sources */ = {isa = PBXBuildFile; fileRef = 0D4325862264713C00FBAC1B /* CABasicAnimation+SCAddition.m */; };
		0D4325A02264713C00FBAC1B /* UIButton+SCAddition.m in Sources */ = {isa = PBXBuildFile; fileRef = 0D43258A2264713C00FBAC1B /* UIButton+SCAddition.m */; };
		0D4325A12264713C00FBAC1B /* UIImageView+SCAddition.m in Sources */ = {isa = PBXBuildFile; fileRef = 0D43258C2264713C00FBAC1B /* UIImageView+SCAddition.m */; };
		0D4325A22264713C00FBAC1B /* NSObject+SCAddition.m in Sources */ = {isa = PBXBuildFile; fileRef = 0D43258E2264713C00FBAC1B /* NSObject+SCAddition.m */; };
		0D4325A32264713C00FBAC1B /* NSString+SCAddition.m in Sources */ = {isa = PBXBuildFile; fileRef = 0D43258F2264713C00FBAC1B /* NSString+SCAddition.m */; };
		0D4325A42264713C00FBAC1B /* UILabel+SCAddition.m in Sources */ = {isa = PBXBuildFile; fileRef = 0D4325902264713C00FBAC1B /* UILabel+SCAddition.m */; };
		0D4325A52264713C00FBAC1B /* UIImageView+extension.swift in Sources */ = {isa = PBXBuildFile; fileRef = 0D4325952264713C00FBAC1B /* UIImageView+extension.swift */; };
		0D4325A62264713C00FBAC1B /* Date+extension.swift in Sources */ = {isa = PBXBuildFile; fileRef = 0D4325962264713C00FBAC1B /* Date+extension.swift */; };
		0D4325A72264713C00FBAC1B /* UILabel+extension.swift in Sources */ = {isa = PBXBuildFile; fileRef = 0D4325972264713C00FBAC1B /* UILabel+extension.swift */; };
		0D4325A82264713C00FBAC1B /* UIImage+extension.swift in Sources */ = {isa = PBXBuildFile; fileRef = 0D4325982264713C00FBAC1B /* UIImage+extension.swift */; };
		0D4325A92264713C00FBAC1B /* Bundle+extension.swift in Sources */ = {isa = PBXBuildFile; fileRef = 0D4325992264713C00FBAC1B /* Bundle+extension.swift */; };
		0D4325AA2264713C00FBAC1B /* String+extension.swift in Sources */ = {isa = PBXBuildFile; fileRef = 0D43259A2264713C00FBAC1B /* String+extension.swift */; };
		0D4325AB2264713C00FBAC1B /* UIPageControl+extension.swift in Sources */ = {isa = PBXBuildFile; fileRef = 0D43259B2264713C00FBAC1B /* UIPageControl+extension.swift */; };
		0D4325AD2264713C00FBAC1B /* UIBarButtonItem+extension.swift in Sources */ = {isa = PBXBuildFile; fileRef = 0D43259D2264713C00FBAC1B /* UIBarButtonItem+extension.swift */; };
		0D4478BA226D43A20036D572 /* UIApplication+extension.swift in Sources */ = {isa = PBXBuildFile; fileRef = 0D4478B9226D43A20036D572 /* UIApplication+extension.swift */; };
		0D4478BE226D8F080036D572 /* WeiboCommon.swift in Sources */ = {isa = PBXBuildFile; fileRef = 0D4478BD226D8F080036D572 /* WeiboCommon.swift */; };
		0D4478C1226D91F30036D572 /* SCOAuthViewController.swift in Sources */ = {isa = PBXBuildFile; fileRef = 0D4478C0226D91F30036D572 /* SCOAuthViewController.swift */; };
		0D4CC407227296770096EA7B /* SCNewFeatureView.xib in Resources */ = {isa = PBXBuildFile; fileRef = 0D4CC406227296770096EA7B /* SCNewFeatureView.xib */; };
		0D5F99462268139B003A6E65 /* SCVisitorView.swift in Sources */ = {isa = PBXBuildFile; fileRef = 0D5F99452268139B003A6E65 /* SCVisitorView.swift */; };
		0D71859622716CE7003C934D /* SCNavigationItemTitleButton.swift in Sources */ = {isa = PBXBuildFile; fileRef = 0D71859522716CE7003C934D /* SCNavigationItemTitleButton.swift */; };
		0D71859F2271834C003C934D /* SCWelcomePageView.swift in Sources */ = {isa = PBXBuildFile; fileRef = 0D71859E2271834C003C934D /* SCWelcomePageView.swift */; };
		0D7185A1227183B9003C934D /* SCNewFeatureView.swift in Sources */ = {isa = PBXBuildFile; fileRef = 0D7185A0227183B9003C934D /* SCNewFeatureView.swift */; };
		0D7185A3227197F0003C934D /* SCWelcomePageView.xib in Resources */ = {isa = PBXBuildFile; fileRef = 0D7185A2227197F0003C934D /* SCWelcomePageView.xib */; };
		0D7D3581226E942900533698 /* WKWebView+extension.swift in Sources */ = {isa = PBXBuildFile; fileRef = 0D7D3580226E942900533698 /* WKWebView+extension.swift */; };
		0D7D358A226EEBD300533698 /* SCUserAccount.swift in Sources */ = {isa = PBXBuildFile; fileRef = 0D7D3589226EEBD300533698 /* SCUserAccount.swift */; };
		0D96B76422815618004B161B /* UITableView+extension.swift in Sources */ = {isa = PBXBuildFile; fileRef = 0D96B76322815618004B161B /* UITableView+extension.swift */; };
		0DC3743C2276810F002DD480 /* SCStatusPicture.swift in Sources */ = {isa = PBXBuildFile; fileRef = 0DC3743B2276810F002DD480 /* SCStatusPicture.swift */; };
		0DC374422276D781002DD480 /* SCStatusTableViewRepostCell.xib in Resources */ = {isa = PBXBuildFile; fileRef = 0DC374412276D781002DD480 /* SCStatusTableViewRepostCell.xib */; };
		0DDAF2E6227436A800323C0B /* SCUser.swift in Sources */ = {isa = PBXBuildFile; fileRef = 0DDAF2E5227436A800323C0B /* SCUser.swift */; };
		0DDAF2E822743D2D00323C0B /* SCStatusViewModel.swift in Sources */ = {isa = PBXBuildFile; fileRef = 0DDAF2E722743D2D00323C0B /* SCStatusViewModel.swift */; };
		0DDB573922759AA1008B47AC /* SCStatusToolBar.swift in Sources */ = {isa = PBXBuildFile; fileRef = 0DDB573822759AA1008B47AC /* SCStatusToolBar.swift */; };
		0DDD256322653DB6006BE6EE /* UIWindow+extension.swift in Sources */ = {isa = PBXBuildFile; fileRef = 0DDD256222653DB6006BE6EE /* UIWindow+extension.swift */; };
		0DDD256622655DCB006BE6EE /* SCDemoViewController.swift in Sources */ = {isa = PBXBuildFile; fileRef = 0DDD256522655DCB006BE6EE /* SCDemoViewController.swift */; };
		0DDD256B226592DE006BE6EE /* UIScreen+UISCreen_extenshion.m in Sources */ = {isa = PBXBuildFile; fileRef = 0DDD256A226592DE006BE6EE /* UIScreen+UISCreen_extenshion.m */; };
		0DE8294E226BF4CE00545341 /* SCStatusListViewModel.swift in Sources */ = {isa = PBXBuildFile; fileRef = 0DE8294D226BF4CE00545341 /* SCStatusListViewModel.swift */; };
		0DFB4FB82279655C00A3AF63 /* UITableViewCell+extension.swift in Sources */ = {isa = PBXBuildFile; fileRef = 0DFB4FB72279655C00A3AF63 /* UITableViewCell+extension.swift */; };
/* End PBXBuildFile section */

/* Begin PBXContainerItemProxy section */
		0D43255022645EC400FBAC1B /* PBXContainerItemProxy */ = {
			isa = PBXContainerItemProxy;
			containerPortal = 0D43253322645EC300FBAC1B /* Project object */;
			proxyType = 1;
			remoteGlobalIDString = 0D43253A22645EC300FBAC1B;
			remoteInfo = SCWeiboAssistant;
		};
		0D43255B22645EC400FBAC1B /* PBXContainerItemProxy */ = {
			isa = PBXContainerItemProxy;
			containerPortal = 0D43253322645EC300FBAC1B /* Project object */;
			proxyType = 1;
			remoteGlobalIDString = 0D43253A22645EC300FBAC1B;
			remoteInfo = SCWeiboAssistant;
		};
/* End PBXContainerItemProxy section */

/* Begin PBXFileReference section */
		03463E54F3F98CA7EE9A9A8B /* Pods-SCWeiboAssistant.debug.xcconfig */ = {isa = PBXFileReference; includeInIndex = 1; lastKnownFileType = text.xcconfig; name = "Pods-SCWeiboAssistant.debug.xcconfig"; path = "Target Support Files/Pods-SCWeiboAssistant/Pods-SCWeiboAssistant.debug.xcconfig"; sourceTree = "<group>"; };
		0D000451226AAAE400BB073D /* FFLabel.swift */ = {isa = PBXFileReference; fileEncoding = 4; lastKnownFileType = sourcecode.swift; path = FFLabel.swift; sourceTree = "<group>"; };
		0D000455226AAE1500BB073D /* SCNetworkManager.swift */ = {isa = PBXFileReference; lastKnownFileType = sourcecode.swift; path = SCNetworkManager.swift; sourceTree = "<group>"; };
		0D00045A226AE1FE00BB073D /* SCNetworkManager+extension.swift */ = {isa = PBXFileReference; lastKnownFileType = sourcecode.swift; path = "SCNetworkManager+extension.swift"; sourceTree = "<group>"; };
		0D0004CE226B044F00BB073D /* SCStatus.swift */ = {isa = PBXFileReference; lastKnownFileType = sourcecode.swift; path = SCStatus.swift; sourceTree = "<group>"; };
		0D0E2CF9226999DD00256D39 /* main.json */ = {isa = PBXFileReference; fileEncoding = 4; lastKnownFileType = text.json; path = main.json; sourceTree = "<group>"; };
		0D2F3FB9227E9F8800FB45B7 /* SCComposeTypeView.swift */ = {isa = PBXFileReference; lastKnownFileType = sourcecode.swift; path = SCComposeTypeView.swift; sourceTree = "<group>"; };
		0D2F3FBB227EA83800FB45B7 /* SCComposeTypeView.xib */ = {isa = PBXFileReference; lastKnownFileType = file.xib; path = SCComposeTypeView.xib; sourceTree = "<group>"; };
		0D2F3FBD227EB21700FB45B7 /* SCComposeTypeButton.swift */ = {isa = PBXFileReference; lastKnownFileType = sourcecode.swift; path = SCComposeTypeButton.swift; sourceTree = "<group>"; };
		0D2F3FBF227EB25D00FB45B7 /* SCComposeTypeButton.xib */ = {isa = PBXFileReference; lastKnownFileType = file.xib; path = SCComposeTypeButton.xib; sourceTree = "<group>"; };
		0D347D222273DCDB001F218F /* SCStatusTableViewCell.swift */ = {isa = PBXFileReference; lastKnownFileType = sourcecode.swift; path = SCStatusTableViewCell.swift; sourceTree = "<group>"; };
		0D347D242273DD22001F218F /* SCStatusTableViewNormalCell.xib */ = {isa = PBXFileReference; lastKnownFileType = file.xib; path = SCStatusTableViewNormalCell.xib; sourceTree = "<group>"; };
		0D36522B227FFE0700C2ECC6 /* UIView+extension.swift */ = {isa = PBXFileReference; lastKnownFileType = sourcecode.swift; path = "UIView+extension.swift"; sourceTree = "<group>"; };
		0D36522D22801DC900C2ECC6 /* SCComposeIdeaController.swift */ = {isa = PBXFileReference; lastKnownFileType = sourcecode.swift; path = SCComposeIdeaController.swift; sourceTree = "<group>"; };
		0D3F016F227674D500E504E8 /* SCStatusPictureView.swift */ = {isa = PBXFileReference; lastKnownFileType = sourcecode.swift; path = SCStatusPictureView.swift; sourceTree = "<group>"; };
		0D43253B22645EC300FBAC1B /* SCWeiboAssistant.app */ = {isa = PBXFileReference; explicitFileType = wrapper.application; includeInIndex = 0; path = SCWeiboAssistant.app; sourceTree = BUILT_PRODUCTS_DIR; };
		0D43253E22645EC300FBAC1B /* AppDelegate.swift */ = {isa = PBXFileReference; lastKnownFileType = sourcecode.swift; path = AppDelegate.swift; sourceTree = "<group>"; };
		0D43254522645EC400FBAC1B /* Assets.xcassets */ = {isa = PBXFileReference; lastKnownFileType = folder.assetcatalog; path = Assets.xcassets; sourceTree = "<group>"; };
		0D43254A22645EC400FBAC1B /* Info.plist */ = {isa = PBXFileReference; lastKnownFileType = text.plist.xml; path = Info.plist; sourceTree = "<group>"; };
		0D43254F22645EC400FBAC1B /* SCWeiboAssistantTests.xctest */ = {isa = PBXFileReference; explicitFileType = wrapper.cfbundle; includeInIndex = 0; path = SCWeiboAssistantTests.xctest; sourceTree = BUILT_PRODUCTS_DIR; };
		0D43255322645EC400FBAC1B /* SCWeiboAssistantTests.swift */ = {isa = PBXFileReference; lastKnownFileType = sourcecode.swift; path = SCWeiboAssistantTests.swift; sourceTree = "<group>"; };
		0D43255522645EC400FBAC1B /* Info.plist */ = {isa = PBXFileReference; lastKnownFileType = text.plist.xml; path = Info.plist; sourceTree = "<group>"; };
		0D43255A22645EC400FBAC1B /* SCWeiboAssistantUITests.xctest */ = {isa = PBXFileReference; explicitFileType = wrapper.cfbundle; includeInIndex = 0; path = SCWeiboAssistantUITests.xctest; sourceTree = BUILT_PRODUCTS_DIR; };
		0D43255E22645EC400FBAC1B /* SCWeiboAssistantUITests.swift */ = {isa = PBXFileReference; lastKnownFileType = sourcecode.swift; path = SCWeiboAssistantUITests.swift; sourceTree = "<group>"; };
		0D43256022645EC400FBAC1B /* Info.plist */ = {isa = PBXFileReference; lastKnownFileType = text.plist.xml; path = Info.plist; sourceTree = "<group>"; };
		0D43257522646E8200FBAC1B /* SCMainViewController.swift */ = {isa = PBXFileReference; lastKnownFileType = sourcecode.swift; path = SCMainViewController.swift; sourceTree = "<group>"; };
		0D43257722646EBE00FBAC1B /* SCNavigationViewController.swift */ = {isa = PBXFileReference; lastKnownFileType = sourcecode.swift; path = SCNavigationViewController.swift; sourceTree = "<group>"; };
		0D43257922646EFC00FBAC1B /* SCBaseViewController.swift */ = {isa = PBXFileReference; lastKnownFileType = sourcecode.swift; path = SCBaseViewController.swift; sourceTree = "<group>"; };
		0D43257C22646F5200FBAC1B /* SCHomeViewController.swift */ = {isa = PBXFileReference; lastKnownFileType = sourcecode.swift; path = SCHomeViewController.swift; sourceTree = "<group>"; };
		0D43257E22646F6A00FBAC1B /* SCMessageViewController.swift */ = {isa = PBXFileReference; lastKnownFileType = sourcecode.swift; path = SCMessageViewController.swift; sourceTree = "<group>"; };
		0D43258022646F7600FBAC1B /* SCDiscoverViewController.swift */ = {isa = PBXFileReference; lastKnownFileType = sourcecode.swift; path = SCDiscoverViewController.swift; sourceTree = "<group>"; };
		0D43258222646F8300FBAC1B /* SCProfileViewController.swift */ = {isa = PBXFileReference; lastKnownFileType = sourcecode.swift; path = SCProfileViewController.swift; sourceTree = "<group>"; };
		0D4325852264713C00FBAC1B /* UIColor+SCAddition.m */ = {isa = PBXFileReference; fileEncoding = 4; lastKnownFileType = sourcecode.c.objc; path = "UIColor+SCAddition.m"; sourceTree = "<group>"; };
		0D4325862264713C00FBAC1B /* CABasicAnimation+SCAddition.m */ = {isa = PBXFileReference; fileEncoding = 4; lastKnownFileType = sourcecode.c.objc; path = "CABasicAnimation+SCAddition.m"; sourceTree = "<group>"; };
		0D4325872264713C00FBAC1B /* UILabel+SCAddition.h */ = {isa = PBXFileReference; fileEncoding = 4; lastKnownFileType = sourcecode.c.h; path = "UILabel+SCAddition.h"; sourceTree = "<group>"; };
		0D4325882264713C00FBAC1B /* NSString+SCAddition.h */ = {isa = PBXFileReference; fileEncoding = 4; lastKnownFileType = sourcecode.c.h; path = "NSString+SCAddition.h"; sourceTree = "<group>"; };
		0D4325892264713C00FBAC1B /* NSObject+SCAddition.h */ = {isa = PBXFileReference; fileEncoding = 4; lastKnownFileType = sourcecode.c.h; path = "NSObject+SCAddition.h"; sourceTree = "<group>"; };
		0D43258A2264713C00FBAC1B /* UIButton+SCAddition.m */ = {isa = PBXFileReference; fileEncoding = 4; lastKnownFileType = sourcecode.c.objc; path = "UIButton+SCAddition.m"; sourceTree = "<group>"; };
		0D43258B2264713C00FBAC1B /* SCAdditions.h */ = {isa = PBXFileReference; fileEncoding = 4; lastKnownFileType = sourcecode.c.h; path = SCAdditions.h; sourceTree = "<group>"; };
		0D43258C2264713C00FBAC1B /* UIImageView+SCAddition.m */ = {isa = PBXFileReference; fileEncoding = 4; lastKnownFileType = sourcecode.c.objc; path = "UIImageView+SCAddition.m"; sourceTree = "<group>"; };
		0D43258D2264713C00FBAC1B /* UIColor+SCAddition.h */ = {isa = PBXFileReference; fileEncoding = 4; lastKnownFileType = sourcecode.c.h; path = "UIColor+SCAddition.h"; sourceTree = "<group>"; };
		0D43258E2264713C00FBAC1B /* NSObject+SCAddition.m */ = {isa = PBXFileReference; fileEncoding = 4; lastKnownFileType = sourcecode.c.objc; path = "NSObject+SCAddition.m"; sourceTree = "<group>"; };
		0D43258F2264713C00FBAC1B /* NSString+SCAddition.m */ = {isa = PBXFileReference; fileEncoding = 4; lastKnownFileType = sourcecode.c.objc; path = "NSString+SCAddition.m"; sourceTree = "<group>"; };
		0D4325902264713C00FBAC1B /* UILabel+SCAddition.m */ = {isa = PBXFileReference; fileEncoding = 4; lastKnownFileType = sourcecode.c.objc; path = "UILabel+SCAddition.m"; sourceTree = "<group>"; };
		0D4325912264713C00FBAC1B /* CABasicAnimation+SCAddition.h */ = {isa = PBXFileReference; fileEncoding = 4; lastKnownFileType = sourcecode.c.h; path = "CABasicAnimation+SCAddition.h"; sourceTree = "<group>"; };
		0D4325922264713C00FBAC1B /* UIButton+SCAddition.h */ = {isa = PBXFileReference; fileEncoding = 4; lastKnownFileType = sourcecode.c.h; path = "UIButton+SCAddition.h"; sourceTree = "<group>"; };
		0D4325932264713C00FBAC1B /* UIImageView+SCAddition.h */ = {isa = PBXFileReference; fileEncoding = 4; lastKnownFileType = sourcecode.c.h; path = "UIImageView+SCAddition.h"; sourceTree = "<group>"; };
		0D4325952264713C00FBAC1B /* UIImageView+extension.swift */ = {isa = PBXFileReference; fileEncoding = 4; lastKnownFileType = sourcecode.swift; path = "UIImageView+extension.swift"; sourceTree = "<group>"; };
		0D4325962264713C00FBAC1B /* Date+extension.swift */ = {isa = PBXFileReference; fileEncoding = 4; lastKnownFileType = sourcecode.swift; path = "Date+extension.swift"; sourceTree = "<group>"; };
		0D4325972264713C00FBAC1B /* UILabel+extension.swift */ = {isa = PBXFileReference; fileEncoding = 4; lastKnownFileType = sourcecode.swift; path = "UILabel+extension.swift"; sourceTree = "<group>"; };
		0D4325982264713C00FBAC1B /* UIImage+extension.swift */ = {isa = PBXFileReference; fileEncoding = 4; lastKnownFileType = sourcecode.swift; path = "UIImage+extension.swift"; sourceTree = "<group>"; };
		0D4325992264713C00FBAC1B /* Bundle+extension.swift */ = {isa = PBXFileReference; fileEncoding = 4; lastKnownFileType = sourcecode.swift; path = "Bundle+extension.swift"; sourceTree = "<group>"; };
		0D43259A2264713C00FBAC1B /* String+extension.swift */ = {isa = PBXFileReference; fileEncoding = 4; lastKnownFileType = sourcecode.swift; path = "String+extension.swift"; sourceTree = "<group>"; };
		0D43259B2264713C00FBAC1B /* UIPageControl+extension.swift */ = {isa = PBXFileReference; fileEncoding = 4; lastKnownFileType = sourcecode.swift; path = "UIPageControl+extension.swift"; sourceTree = "<group>"; };
		0D43259D2264713C00FBAC1B /* UIBarButtonItem+extension.swift */ = {isa = PBXFileReference; fileEncoding = 4; lastKnownFileType = sourcecode.swift; path = "UIBarButtonItem+extension.swift"; sourceTree = "<group>"; };
		0D4325AE226471C000FBAC1B /* Weibo-Bridge.h */ = {isa = PBXFileReference; lastKnownFileType = sourcecode.c.h; path = "Weibo-Bridge.h"; sourceTree = "<group>"; };
		0D4478B9226D43A20036D572 /* UIApplication+extension.swift */ = {isa = PBXFileReference; lastKnownFileType = sourcecode.swift; path = "UIApplication+extension.swift"; sourceTree = "<group>"; };
		0D4478BD226D8F080036D572 /* WeiboCommon.swift */ = {isa = PBXFileReference; lastKnownFileType = sourcecode.swift; path = WeiboCommon.swift; sourceTree = "<group>"; };
		0D4478C0226D91F30036D572 /* SCOAuthViewController.swift */ = {isa = PBXFileReference; lastKnownFileType = sourcecode.swift; path = SCOAuthViewController.swift; sourceTree = "<group>"; };
		0D4CC406227296770096EA7B /* SCNewFeatureView.xib */ = {isa = PBXFileReference; lastKnownFileType = file.xib; path = SCNewFeatureView.xib; sourceTree = "<group>"; };
		0D5F99452268139B003A6E65 /* SCVisitorView.swift */ = {isa = PBXFileReference; lastKnownFileType = sourcecode.swift; path = SCVisitorView.swift; sourceTree = "<group>"; };
		0D71859522716CE7003C934D /* SCNavigationItemTitleButton.swift */ = {isa = PBXFileReference; lastKnownFileType = sourcecode.swift; path = SCNavigationItemTitleButton.swift; sourceTree = "<group>"; };
		0D71859E2271834C003C934D /* SCWelcomePageView.swift */ = {isa = PBXFileReference; lastKnownFileType = sourcecode.swift; path = SCWelcomePageView.swift; sourceTree = "<group>"; };
		0D7185A0227183B9003C934D /* SCNewFeatureView.swift */ = {isa = PBXFileReference; lastKnownFileType = sourcecode.swift; path = SCNewFeatureView.swift; sourceTree = "<group>"; };
		0D7185A2227197F0003C934D /* SCWelcomePageView.xib */ = {isa = PBXFileReference; lastKnownFileType = file.xib; path = SCWelcomePageView.xib; sourceTree = "<group>"; };
		0D7D3580226E942900533698 /* WKWebView+extension.swift */ = {isa = PBXFileReference; lastKnownFileType = sourcecode.swift; path = "WKWebView+extension.swift"; sourceTree = "<group>"; };
		0D7D3589226EEBD300533698 /* SCUserAccount.swift */ = {isa = PBXFileReference; lastKnownFileType = sourcecode.swift; path = SCUserAccount.swift; sourceTree = "<group>"; };
		0D96B76322815618004B161B /* UITableView+extension.swift */ = {isa = PBXFileReference; lastKnownFileType = sourcecode.swift; path = "UITableView+extension.swift"; sourceTree = "<group>"; };
		0DC3743B2276810F002DD480 /* SCStatusPicture.swift */ = {isa = PBXFileReference; lastKnownFileType = sourcecode.swift; path = SCStatusPicture.swift; sourceTree = "<group>"; };
		0DC374412276D781002DD480 /* SCStatusTableViewRepostCell.xib */ = {isa = PBXFileReference; fileEncoding = 4; lastKnownFileType = file.xib; path = SCStatusTableViewRepostCell.xib; sourceTree = "<group>"; };
		0DDAF2E5227436A800323C0B /* SCUser.swift */ = {isa = PBXFileReference; lastKnownFileType = sourcecode.swift; path = SCUser.swift; sourceTree = "<group>"; };
		0DDAF2E722743D2D00323C0B /* SCStatusViewModel.swift */ = {isa = PBXFileReference; lastKnownFileType = sourcecode.swift; path = SCStatusViewModel.swift; sourceTree = "<group>"; };
		0DDB573822759AA1008B47AC /* SCStatusToolBar.swift */ = {isa = PBXFileReference; lastKnownFileType = sourcecode.swift; path = SCStatusToolBar.swift; sourceTree = "<group>"; };
		0DDD256222653DB6006BE6EE /* UIWindow+extension.swift */ = {isa = PBXFileReference; fileEncoding = 4; lastKnownFileType = sourcecode.swift; path = "UIWindow+extension.swift"; sourceTree = "<group>"; };
		0DDD256522655DCB006BE6EE /* SCDemoViewController.swift */ = {isa = PBXFileReference; lastKnownFileType = sourcecode.swift; path = SCDemoViewController.swift; sourceTree = "<group>"; };
		0DDD2569226592DE006BE6EE /* UIScreen+SCAddition.h */ = {isa = PBXFileReference; lastKnownFileType = sourcecode.c.h; path = "UIScreen+SCAddition.h"; sourceTree = "<group>"; };
		0DDD256A226592DE006BE6EE /* UIScreen+UISCreen_extenshion.m */ = {isa = PBXFileReference; lastKnownFileType = sourcecode.c.objc; path = "UIScreen+UISCreen_extenshion.m"; sourceTree = "<group>"; };
		0DE8294D226BF4CE00545341 /* SCStatusListViewModel.swift */ = {isa = PBXFileReference; lastKnownFileType = sourcecode.swift; path = SCStatusListViewModel.swift; sourceTree = "<group>"; };
		0DFB4FB72279655C00A3AF63 /* UITableViewCell+extension.swift */ = {isa = PBXFileReference; lastKnownFileType = sourcecode.swift; path = "UITableViewCell+extension.swift"; sourceTree = "<group>"; };
		5BE6C868617C149D9B8DDC59 /* Pods_SCWeiboAssistant.framework */ = {isa = PBXFileReference; explicitFileType = wrapper.framework; includeInIndex = 0; path = Pods_SCWeiboAssistant.framework; sourceTree = BUILT_PRODUCTS_DIR; };
		DEF30161588E3A756C2BC8F1 /* Pods-SCWeiboAssistant.release.xcconfig */ = {isa = PBXFileReference; includeInIndex = 1; lastKnownFileType = text.xcconfig; name = "Pods-SCWeiboAssistant.release.xcconfig"; path = "Target Support Files/Pods-SCWeiboAssistant/Pods-SCWeiboAssistant.release.xcconfig"; sourceTree = "<group>"; };
/* End PBXFileReference section */

/* Begin PBXFrameworksBuildPhase section */
		0D43253822645EC300FBAC1B /* Frameworks */ = {
			isa = PBXFrameworksBuildPhase;
			buildActionMask = 2147483647;
			files = (
				04854A3CE4592A8E0AC6A7A8 /* Pods_SCWeiboAssistant.framework in Frameworks */,
			);
			runOnlyForDeploymentPostprocessing = 0;
		};
		0D43254C22645EC400FBAC1B /* Frameworks */ = {
			isa = PBXFrameworksBuildPhase;
			buildActionMask = 2147483647;
			files = (
			);
			runOnlyForDeploymentPostprocessing = 0;
		};
		0D43255722645EC400FBAC1B /* Frameworks */ = {
			isa = PBXFrameworksBuildPhase;
			buildActionMask = 2147483647;
			files = (
			);
			runOnlyForDeploymentPostprocessing = 0;
		};
/* End PBXFrameworksBuildPhase section */

/* Begin PBXGroup section */
		0D00044F226AAAE400BB073D /* FFLabel */ = {
			isa = PBXGroup;
			children = (
				0D000450226AAAE400BB073D /* Source */,
			);
			path = FFLabel;
			sourceTree = "<group>";
		};
		0D000450226AAAE400BB073D /* Source */ = {
			isa = PBXGroup;
			children = (
				0D000451226AAAE400BB073D /* FFLabel.swift */,
			);
			path = Source;
			sourceTree = "<group>";
		};
		0D000453226AAD3500BB073D /* Network */ = {
			isa = PBXGroup;
			children = (
				0D7D3588226EEB9900533698 /* Model */,
				0D000455226AAE1500BB073D /* SCNetworkManager.swift */,
				0D00045A226AE1FE00BB073D /* SCNetworkManager+extension.swift */,
			);
			path = Network;
			sourceTree = "<group>";
		};
		0D2F3FB7227E9F2300FB45B7 /* Compose */ = {
			isa = PBXGroup;
			children = (
				0D2F3FB8227E9F4600FB45B7 /* ComposeType */,
				0D36522D22801DC900C2ECC6 /* SCComposeIdeaController.swift */,
			);
			path = Compose;
			sourceTree = "<group>";
		};
		0D2F3FB8227E9F4600FB45B7 /* ComposeType */ = {
			isa = PBXGroup;
			children = (
				0D2F3FB9227E9F8800FB45B7 /* SCComposeTypeView.swift */,
				0D2F3FBB227EA83800FB45B7 /* SCComposeTypeView.xib */,
				0D2F3FBD227EB21700FB45B7 /* SCComposeTypeButton.swift */,
				0D2F3FBF227EB25D00FB45B7 /* SCComposeTypeButton.xib */,
			);
			path = ComposeType;
			sourceTree = "<group>";
		};
		0D347D212273DCBD001F218F /* StatusCell */ = {
			isa = PBXGroup;
			children = (
				0D347D222273DCDB001F218F /* SCStatusTableViewCell.swift */,
				0D3F016F227674D500E504E8 /* SCStatusPictureView.swift */,
				0DDB573822759AA1008B47AC /* SCStatusToolBar.swift */,
				0D347D242273DD22001F218F /* SCStatusTableViewNormalCell.xib */,
				0DC374412276D781002DD480 /* SCStatusTableViewRepostCell.xib */,
			);
			path = StatusCell;
			sourceTree = "<group>";
		};
		0D43253222645EC300FBAC1B = {
			isa = PBXGroup;
			children = (
				0D43253D22645EC300FBAC1B /* SCWeiboAssistant */,
				0D43255222645EC400FBAC1B /* SCWeiboAssistantTests */,
				0D43255D22645EC400FBAC1B /* SCWeiboAssistantUITests */,
				0D43253C22645EC300FBAC1B /* Products */,
				D38A890D34CF79CC10F77E79 /* Pods */,
				FDCBF12CBA3BE2F39D9E87CC /* Frameworks */,
			);
			sourceTree = "<group>";
		};
		0D43253C22645EC300FBAC1B /* Products */ = {
			isa = PBXGroup;
			children = (
				0D43253B22645EC300FBAC1B /* SCWeiboAssistant.app */,
				0D43254F22645EC400FBAC1B /* SCWeiboAssistantTests.xctest */,
				0D43255A22645EC400FBAC1B /* SCWeiboAssistantUITests.xctest */,
			);
			name = Products;
			sourceTree = "<group>";
		};
		0D43253D22645EC300FBAC1B /* SCWeiboAssistant */ = {
			isa = PBXGroup;
			children = (
				0D43256C22646DE700FBAC1B /* Classes */,
				0D43253E22645EC300FBAC1B /* AppDelegate.swift */,
				0D4478BD226D8F080036D572 /* WeiboCommon.swift */,
				0D4325AE226471C000FBAC1B /* Weibo-Bridge.h */,
				0D43254522645EC400FBAC1B /* Assets.xcassets */,
				0D43254A22645EC400FBAC1B /* Info.plist */,
			);
			path = SCWeiboAssistant;
			sourceTree = "<group>";
		};
		0D43255222645EC400FBAC1B /* SCWeiboAssistantTests */ = {
			isa = PBXGroup;
			children = (
				0D43255322645EC400FBAC1B /* SCWeiboAssistantTests.swift */,
				0D43255522645EC400FBAC1B /* Info.plist */,
			);
			path = SCWeiboAssistantTests;
			sourceTree = "<group>";
		};
		0D43255D22645EC400FBAC1B /* SCWeiboAssistantUITests */ = {
			isa = PBXGroup;
			children = (
				0D43255E22645EC400FBAC1B /* SCWeiboAssistantUITests.swift */,
				0D43256022645EC400FBAC1B /* Info.plist */,
			);
			path = SCWeiboAssistantUITests;
			sourceTree = "<group>";
		};
		0D43256C22646DE700FBAC1B /* Classes */ = {
			isa = PBXGroup;
			children = (
				0D43257422646DE700FBAC1B /* Model */,
				0D43256F22646DE700FBAC1B /* View(views and controllers) */,
				0D43256D22646DE700FBAC1B /* ViewModel */,
				0D43256E22646DE700FBAC1B /* Tools */,
			);
			path = Classes;
			sourceTree = "<group>";
		};
		0D43256D22646DE700FBAC1B /* ViewModel */ = {
			isa = PBXGroup;
			children = (
				0DE8294D226BF4CE00545341 /* SCStatusListViewModel.swift */,
				0DDAF2E722743D2D00323C0B /* SCStatusViewModel.swift */,
			);
			path = ViewModel;
			sourceTree = "<group>";
		};
		0D43256E22646DE700FBAC1B /* Tools */ = {
			isa = PBXGroup;
			children = (
				0D000453226AAD3500BB073D /* Network */,
				0D00044F226AAAE400BB073D /* FFLabel */,
				0D4325842264713C00FBAC1B /* Additions */,
				0D4325942264713C00FBAC1B /* Extensions */,
			);
			path = Tools;
			sourceTree = "<group>";
		};
		0D43256F22646DE700FBAC1B /* View(views and controllers) */ = {
			isa = PBXGroup;
			children = (
				0D43257322646DE700FBAC1B /* Main */,
				0D43257B22646F3600FBAC1B /* Home */,
				0D43257122646DE700FBAC1B /* Message */,
				0D43257022646DE700FBAC1B /* Discover */,
				0D43257222646DE700FBAC1B /* Profile */,
				0D2F3FB7227E9F2300FB45B7 /* Compose */,
			);
			path = "View(views and controllers)";
			sourceTree = "<group>";
		};
		0D43257022646DE700FBAC1B /* Discover */ = {
			isa = PBXGroup;
			children = (
				0D43258022646F7600FBAC1B /* SCDiscoverViewController.swift */,
			);
			path = Discover;
			sourceTree = "<group>";
		};
		0D43257122646DE700FBAC1B /* Message */ = {
			isa = PBXGroup;
			children = (
				0D43257E22646F6A00FBAC1B /* SCMessageViewController.swift */,
			);
			path = Message;
			sourceTree = "<group>";
		};
		0D43257222646DE700FBAC1B /* Profile */ = {
			isa = PBXGroup;
			children = (
				0D43258222646F8300FBAC1B /* SCProfileViewController.swift */,
			);
			path = Profile;
			sourceTree = "<group>";
		};
		0D43257322646DE700FBAC1B /* Main */ = {
			isa = PBXGroup;
			children = (
				0D5F99432268134F003A6E65 /* Base */,
				0D4478BF226D91D40036D572 /* OAuth */,
				0D5F99442268135F003A6E65 /* VisitorView */,
				0D71859722717D60003C934D /* SplashView */,
				0DDD256422655DA8006BE6EE /* Test */,
			);
			path = Main;
			sourceTree = "<group>";
		};
		0D43257422646DE700FBAC1B /* Model */ = {
			isa = PBXGroup;
			children = (
				0D0004CE226B044F00BB073D /* SCStatus.swift */,
				0DDAF2E5227436A800323C0B /* SCUser.swift */,
				0DC3743B2276810F002DD480 /* SCStatusPicture.swift */,
			);
			path = Model;
			sourceTree = "<group>";
		};
		0D43257B22646F3600FBAC1B /* Home */ = {
			isa = PBXGroup;
			children = (
				0D347D212273DCBD001F218F /* StatusCell */,
				0D71859422716CB7003C934D /* TitleButton */,
				0D43257C22646F5200FBAC1B /* SCHomeViewController.swift */,
			);
			path = Home;
			sourceTree = "<group>";
		};
		0D4325842264713C00FBAC1B /* Additions */ = {
			isa = PBXGroup;
			children = (
				0D4325852264713C00FBAC1B /* UIColor+SCAddition.m */,
				0D4325862264713C00FBAC1B /* CABasicAnimation+SCAddition.m */,
				0D4325872264713C00FBAC1B /* UILabel+SCAddition.h */,
				0D4325882264713C00FBAC1B /* NSString+SCAddition.h */,
				0D4325892264713C00FBAC1B /* NSObject+SCAddition.h */,
				0D43258A2264713C00FBAC1B /* UIButton+SCAddition.m */,
				0D43258B2264713C00FBAC1B /* SCAdditions.h */,
				0D43258C2264713C00FBAC1B /* UIImageView+SCAddition.m */,
				0D43258D2264713C00FBAC1B /* UIColor+SCAddition.h */,
				0D43258E2264713C00FBAC1B /* NSObject+SCAddition.m */,
				0D43258F2264713C00FBAC1B /* NSString+SCAddition.m */,
				0D4325902264713C00FBAC1B /* UILabel+SCAddition.m */,
				0D4325912264713C00FBAC1B /* CABasicAnimation+SCAddition.h */,
				0D4325922264713C00FBAC1B /* UIButton+SCAddition.h */,
				0D4325932264713C00FBAC1B /* UIImageView+SCAddition.h */,
				0DDD2569226592DE006BE6EE /* UIScreen+SCAddition.h */,
				0DDD256A226592DE006BE6EE /* UIScreen+UISCreen_extenshion.m */,
			);
			path = Additions;
			sourceTree = "<group>";
		};
		0D4325942264713C00FBAC1B /* Extensions */ = {
			isa = PBXGroup;
			children = (
				0DDD256222653DB6006BE6EE /* UIWindow+extension.swift */,
				0D4325952264713C00FBAC1B /* UIImageView+extension.swift */,
				0D4325962264713C00FBAC1B /* Date+extension.swift */,
				0D4325972264713C00FBAC1B /* UILabel+extension.swift */,
				0D4325982264713C00FBAC1B /* UIImage+extension.swift */,
				0D4325992264713C00FBAC1B /* Bundle+extension.swift */,
				0D43259A2264713C00FBAC1B /* String+extension.swift */,
				0D43259B2264713C00FBAC1B /* UIPageControl+extension.swift */,
				0D43259D2264713C00FBAC1B /* UIBarButtonItem+extension.swift */,
				0D4478B9226D43A20036D572 /* UIApplication+extension.swift */,
				0D7D3580226E942900533698 /* WKWebView+extension.swift */,
				0DFB4FB72279655C00A3AF63 /* UITableViewCell+extension.swift */,
				0D36522B227FFE0700C2ECC6 /* UIView+extension.swift */,
				0D96B76322815618004B161B /* UITableView+extension.swift */,
			);
			path = Extensions;
			sourceTree = "<group>";
		};
		0D4478BF226D91D40036D572 /* OAuth */ = {
			isa = PBXGroup;
			children = (
				0D4478C0226D91F30036D572 /* SCOAuthViewController.swift */,
			);
			path = OAuth;
			sourceTree = "<group>";
		};
		0D5F99432268134F003A6E65 /* Base */ = {
			isa = PBXGroup;
			children = (
				0D0E2CF9226999DD00256D39 /* main.json */,
				0D43257522646E8200FBAC1B /* SCMainViewController.swift */,
				0D43257722646EBE00FBAC1B /* SCNavigationViewController.swift */,
				0D43257922646EFC00FBAC1B /* SCBaseViewController.swift */,
			);
			path = Base;
			sourceTree = "<group>";
		};
		0D5F99442268135F003A6E65 /* VisitorView */ = {
			isa = PBXGroup;
			children = (
				0D5F99452268139B003A6E65 /* SCVisitorView.swift */,
			);
			path = VisitorView;
			sourceTree = "<group>";
		};
		0D71859422716CB7003C934D /* TitleButton */ = {
			isa = PBXGroup;
			children = (
				0D71859522716CE7003C934D /* SCNavigationItemTitleButton.swift */,
			);
			path = TitleButton;
			sourceTree = "<group>";
		};
		0D71859722717D60003C934D /* SplashView */ = {
			isa = PBXGroup;
			children = (
				0D71859E2271834C003C934D /* SCWelcomePageView.swift */,
				0D7185A0227183B9003C934D /* SCNewFeatureView.swift */,
				0D7185A2227197F0003C934D /* SCWelcomePageView.xib */,
				0D4CC406227296770096EA7B /* SCNewFeatureView.xib */,
			);
			path = SplashView;
			sourceTree = "<group>";
		};
		0D7D3588226EEB9900533698 /* Model */ = {
			isa = PBXGroup;
			children = (
				0D7D3589226EEBD300533698 /* SCUserAccount.swift */,
			);
			path = Model;
			sourceTree = "<group>";
		};
		0DDD256422655DA8006BE6EE /* Test */ = {
			isa = PBXGroup;
			children = (
				0DDD256522655DCB006BE6EE /* SCDemoViewController.swift */,
			);
			path = Test;
			sourceTree = "<group>";
		};
		D38A890D34CF79CC10F77E79 /* Pods */ = {
			isa = PBXGroup;
			children = (
				03463E54F3F98CA7EE9A9A8B /* Pods-SCWeiboAssistant.debug.xcconfig */,
				DEF30161588E3A756C2BC8F1 /* Pods-SCWeiboAssistant.release.xcconfig */,
			);
			path = Pods;
			sourceTree = "<group>";
		};
		FDCBF12CBA3BE2F39D9E87CC /* Frameworks */ = {
			isa = PBXGroup;
			children = (
				5BE6C868617C149D9B8DDC59 /* Pods_SCWeiboAssistant.framework */,
			);
			name = Frameworks;
			sourceTree = "<group>";
		};
/* End PBXGroup section */

/* Begin PBXNativeTarget section */
		0D43253A22645EC300FBAC1B /* SCWeiboAssistant */ = {
			isa = PBXNativeTarget;
			buildConfigurationList = 0D43256322645EC400FBAC1B /* Build configuration list for PBXNativeTarget "SCWeiboAssistant" */;
			buildPhases = (
				3D27254FA357F026EF346DDE /* [CP] Check Pods Manifest.lock */,
				0D43253722645EC300FBAC1B /* Sources */,
				0D43253822645EC300FBAC1B /* Frameworks */,
				0D43253922645EC300FBAC1B /* Resources */,
				F9578F5ED422C0D25F78BB7F /* [CP] Embed Pods Frameworks */,
			);
			buildRules = (
			);
			dependencies = (
			);
			name = SCWeiboAssistant;
			productName = SCWeiboAssistant;
			productReference = 0D43253B22645EC300FBAC1B /* SCWeiboAssistant.app */;
			productType = "com.apple.product-type.application";
		};
		0D43254E22645EC400FBAC1B /* SCWeiboAssistantTests */ = {
			isa = PBXNativeTarget;
			buildConfigurationList = 0D43256622645EC400FBAC1B /* Build configuration list for PBXNativeTarget "SCWeiboAssistantTests" */;
			buildPhases = (
				0D43254B22645EC400FBAC1B /* Sources */,
				0D43254C22645EC400FBAC1B /* Frameworks */,
				0D43254D22645EC400FBAC1B /* Resources */,
			);
			buildRules = (
			);
			dependencies = (
				0D43255122645EC400FBAC1B /* PBXTargetDependency */,
			);
			name = SCWeiboAssistantTests;
			productName = SCWeiboAssistantTests;
			productReference = 0D43254F22645EC400FBAC1B /* SCWeiboAssistantTests.xctest */;
			productType = "com.apple.product-type.bundle.unit-test";
		};
		0D43255922645EC400FBAC1B /* SCWeiboAssistantUITests */ = {
			isa = PBXNativeTarget;
			buildConfigurationList = 0D43256922645EC400FBAC1B /* Build configuration list for PBXNativeTarget "SCWeiboAssistantUITests" */;
			buildPhases = (
				0D43255622645EC400FBAC1B /* Sources */,
				0D43255722645EC400FBAC1B /* Frameworks */,
				0D43255822645EC400FBAC1B /* Resources */,
			);
			buildRules = (
			);
			dependencies = (
				0D43255C22645EC400FBAC1B /* PBXTargetDependency */,
			);
			name = SCWeiboAssistantUITests;
			productName = SCWeiboAssistantUITests;
			productReference = 0D43255A22645EC400FBAC1B /* SCWeiboAssistantUITests.xctest */;
			productType = "com.apple.product-type.bundle.ui-testing";
		};
/* End PBXNativeTarget section */

/* Begin PBXProject section */
		0D43253322645EC300FBAC1B /* Project object */ = {
			isa = PBXProject;
			attributes = {
				CLASSPREFIX = SC;
				LastSwiftUpdateCheck = 1020;
				LastUpgradeCheck = 1020;
				ORGANIZATIONNAME = "Stephen Cao";
				TargetAttributes = {
					0D43253A22645EC300FBAC1B = {
						CreatedOnToolsVersion = 10.2;
					};
					0D43254E22645EC400FBAC1B = {
						CreatedOnToolsVersion = 10.2;
						TestTargetID = 0D43253A22645EC300FBAC1B;
					};
					0D43255922645EC400FBAC1B = {
						CreatedOnToolsVersion = 10.2;
						TestTargetID = 0D43253A22645EC300FBAC1B;
					};
				};
			};
			buildConfigurationList = 0D43253622645EC300FBAC1B /* Build configuration list for PBXProject "SCWeiboAssistant" */;
			compatibilityVersion = "Xcode 9.3";
			developmentRegion = en;
			hasScannedForEncodings = 0;
			knownRegions = (
				en,
				Base,
			);
			mainGroup = 0D43253222645EC300FBAC1B;
			productRefGroup = 0D43253C22645EC300FBAC1B /* Products */;
			projectDirPath = "";
			projectRoot = "";
			targets = (
				0D43253A22645EC300FBAC1B /* SCWeiboAssistant */,
				0D43254E22645EC400FBAC1B /* SCWeiboAssistantTests */,
				0D43255922645EC400FBAC1B /* SCWeiboAssistantUITests */,
			);
		};
/* End PBXProject section */

/* Begin PBXResourcesBuildPhase section */
		0D43253922645EC300FBAC1B /* Resources */ = {
			isa = PBXResourcesBuildPhase;
			buildActionMask = 2147483647;
			files = (
				0DC374422276D781002DD480 /* SCStatusTableViewRepostCell.xib in Resources */,
				0D4CC407227296770096EA7B /* SCNewFeatureView.xib in Resources */,
				0D2F3FC0227EB25D00FB45B7 /* SCComposeTypeButton.xib in Resources */,
				0D0E2CFA226999DE00256D39 /* main.json in Resources */,
				0D43254622645EC400FBAC1B /* Assets.xcassets in Resources */,
				0D2F3FBC227EA83800FB45B7 /* SCComposeTypeView.xib in Resources */,
				0D7185A3227197F0003C934D /* SCWelcomePageView.xib in Resources */,
				0D347D252273DD22001F218F /* SCStatusTableViewNormalCell.xib in Resources */,
			);
			runOnlyForDeploymentPostprocessing = 0;
		};
		0D43254D22645EC400FBAC1B /* Resources */ = {
			isa = PBXResourcesBuildPhase;
			buildActionMask = 2147483647;
			files = (
			);
			runOnlyForDeploymentPostprocessing = 0;
		};
		0D43255822645EC400FBAC1B /* Resources */ = {
			isa = PBXResourcesBuildPhase;
			buildActionMask = 2147483647;
			files = (
			);
			runOnlyForDeploymentPostprocessing = 0;
		};
/* End PBXResourcesBuildPhase section */

/* Begin PBXShellScriptBuildPhase section */
		3D27254FA357F026EF346DDE /* [CP] Check Pods Manifest.lock */ = {
			isa = PBXShellScriptBuildPhase;
			buildActionMask = 2147483647;
			files = (
			);
			inputFileListPaths = (
			);
			inputPaths = (
				"${PODS_PODFILE_DIR_PATH}/Podfile.lock",
				"${PODS_ROOT}/Manifest.lock",
			);
			name = "[CP] Check Pods Manifest.lock";
			outputFileListPaths = (
			);
			outputPaths = (
				"$(DERIVED_FILE_DIR)/Pods-SCWeiboAssistant-checkManifestLockResult.txt",
			);
			runOnlyForDeploymentPostprocessing = 0;
			shellPath = /bin/sh;
			shellScript = "diff \"${PODS_PODFILE_DIR_PATH}/Podfile.lock\" \"${PODS_ROOT}/Manifest.lock\" > /dev/null\nif [ $? != 0 ] ; then\n    # print error to STDERR\n    echo \"error: The sandbox is not in sync with the Podfile.lock. Run 'pod install' or update your CocoaPods installation.\" >&2\n    exit 1\nfi\n# This output is used by Xcode 'outputs' to avoid re-running this script phase.\necho \"SUCCESS\" > \"${SCRIPT_OUTPUT_FILE_0}\"\n";
			showEnvVarsInLog = 0;
		};
		F9578F5ED422C0D25F78BB7F /* [CP] Embed Pods Frameworks */ = {
			isa = PBXShellScriptBuildPhase;
			buildActionMask = 2147483647;
			files = (
			);
			inputFileListPaths = (
			);
			inputPaths = (
				"${PODS_ROOT}/Target Support Files/Pods-SCWeiboAssistant/Pods-SCWeiboAssistant-frameworks.sh",
				"${BUILT_PRODUCTS_DIR}/Alamofire/Alamofire.framework",
				"${BUILT_PRODUCTS_DIR}/AlamofireNetworkActivityIndicator/AlamofireNetworkActivityIndicator.framework",
				"${BUILT_PRODUCTS_DIR}/SCRRefreshControl/SCRRefreshControl.framework",
				"${BUILT_PRODUCTS_DIR}/SDWebImage/SDWebImage.framework",
				"${BUILT_PRODUCTS_DIR}/SVProgressHUD/SVProgressHUD.framework",
				"${BUILT_PRODUCTS_DIR}/YYModel/YYModel.framework",
				"${BUILT_PRODUCTS_DIR}/pop/pop.framework",
			);
			name = "[CP] Embed Pods Frameworks";
			outputFileListPaths = (
			);
			outputPaths = (
				"${TARGET_BUILD_DIR}/${FRAMEWORKS_FOLDER_PATH}/Alamofire.framework",
				"${TARGET_BUILD_DIR}/${FRAMEWORKS_FOLDER_PATH}/AlamofireNetworkActivityIndicator.framework",
				"${TARGET_BUILD_DIR}/${FRAMEWORKS_FOLDER_PATH}/SCRRefreshControl.framework",
				"${TARGET_BUILD_DIR}/${FRAMEWORKS_FOLDER_PATH}/SDWebImage.framework",
				"${TARGET_BUILD_DIR}/${FRAMEWORKS_FOLDER_PATH}/SVProgressHUD.framework",
				"${TARGET_BUILD_DIR}/${FRAMEWORKS_FOLDER_PATH}/YYModel.framework",
				"${TARGET_BUILD_DIR}/${FRAMEWORKS_FOLDER_PATH}/pop.framework",
			);
			runOnlyForDeploymentPostprocessing = 0;
			shellPath = /bin/sh;
			shellScript = "\"${PODS_ROOT}/Target Support Files/Pods-SCWeiboAssistant/Pods-SCWeiboAssistant-frameworks.sh\"\n";
			showEnvVarsInLog = 0;
		};
/* End PBXShellScriptBuildPhase section */

/* Begin PBXSourcesBuildPhase section */
		0D43253722645EC300FBAC1B /* Sources */ = {
			isa = PBXSourcesBuildPhase;
			buildActionMask = 2147483647;
			files = (
				0D7185A1227183B9003C934D /* SCNewFeatureView.swift in Sources */,
				0D4325A02264713C00FBAC1B /* UIButton+SCAddition.m in Sources */,
				0D43257F22646F6A00FBAC1B /* SCMessageViewController.swift in Sources */,
				0D96B76422815618004B161B /* UITableView+extension.swift in Sources */,
				0D0004CF226B044F00BB073D /* SCStatus.swift in Sources */,
				0D7D358A226EEBD300533698 /* SCUserAccount.swift in Sources */,
				0D7D3581226E942900533698 /* WKWebView+extension.swift in Sources */,
				0DDD256B226592DE006BE6EE /* UIScreen+UISCreen_extenshion.m in Sources */,
				0D4325A22264713C00FBAC1B /* NSObject+SCAddition.m in Sources */,
				0D71859622716CE7003C934D /* SCNavigationItemTitleButton.swift in Sources */,
				0D00045B226AE1FE00BB073D /* SCNetworkManager+extension.swift in Sources */,
				0D36522C227FFE0700C2ECC6 /* UIView+extension.swift in Sources */,
				0D4325A92264713C00FBAC1B /* Bundle+extension.swift in Sources */,
				0D4325A42264713C00FBAC1B /* UILabel+SCAddition.m in Sources */,
				0D71859F2271834C003C934D /* SCWelcomePageView.swift in Sources */,
				0D4325AA2264713C00FBAC1B /* String+extension.swift in Sources */,
				0D2F3FBE227EB21700FB45B7 /* SCComposeTypeButton.swift in Sources */,
				0D43253F22645EC300FBAC1B /* AppDelegate.swift in Sources */,
				0D43257D22646F5200FBAC1B /* SCHomeViewController.swift in Sources */,
				0D43259E2264713C00FBAC1B /* UIColor+SCAddition.m in Sources */,
				0D4325A12264713C00FBAC1B /* UIImageView+SCAddition.m in Sources */,
				0D4325A72264713C00FBAC1B /* UILabel+extension.swift in Sources */,
				0D36522E22801DC900C2ECC6 /* SCComposeIdeaController.swift in Sources */,
				0D4325A32264713C00FBAC1B /* NSString+SCAddition.m in Sources */,
				0DDD256622655DCB006BE6EE /* SCDemoViewController.swift in Sources */,
				0D4325A62264713C00FBAC1B /* Date+extension.swift in Sources */,
				0D43258122646F7600FBAC1B /* SCDiscoverViewController.swift in Sources */,
				0D4325A52264713C00FBAC1B /* UIImageView+extension.swift in Sources */,
				0D3F0170227674D500E504E8 /* SCStatusPictureView.swift in Sources */,
				0D4325AD2264713C00FBAC1B /* UIBarButtonItem+extension.swift in Sources */,
				0D4478C1226D91F30036D572 /* SCOAuthViewController.swift in Sources */,
				0D2F3FBA227E9F8800FB45B7 /* SCComposeTypeView.swift in Sources */,
				0DDB573922759AA1008B47AC /* SCStatusToolBar.swift in Sources */,
				0DDAF2E822743D2D00323C0B /* SCStatusViewModel.swift in Sources */,
				0D347D232273DCDB001F218F /* SCStatusTableViewCell.swift in Sources */,
				0D43259F2264713C00FBAC1B /* CABasicAnimation+SCAddition.m in Sources */,
				0DDD256322653DB6006BE6EE /* UIWindow+extension.swift in Sources */,
				0DC3743C2276810F002DD480 /* SCStatusPicture.swift in Sources */,
				0D000452226AAAE400BB073D /* FFLabel.swift in Sources */,
				0D5F99462268139B003A6E65 /* SCVisitorView.swift in Sources */,
				0DE8294E226BF4CE00545341 /* SCStatusListViewModel.swift in Sources */,
				0D000456226AAE1500BB073D /* SCNetworkManager.swift in Sources */,
				0D4325A82264713C00FBAC1B /* UIImage+extension.swift in Sources */,
				0D4478BA226D43A20036D572 /* UIApplication+extension.swift in Sources */,
				0D43257A22646EFC00FBAC1B /* SCBaseViewController.swift in Sources */,
				0D4478BE226D8F080036D572 /* WeiboCommon.swift in Sources */,
				0D43257622646E8200FBAC1B /* SCMainViewController.swift in Sources */,
				0DDAF2E6227436A800323C0B /* SCUser.swift in Sources */,
				0DFB4FB82279655C00A3AF63 /* UITableViewCell+extension.swift in Sources */,
				0D43258322646F8300FBAC1B /* SCProfileViewController.swift in Sources */,
				0D4325AB2264713C00FBAC1B /* UIPageControl+extension.swift in Sources */,
				0D43257822646EBE00FBAC1B /* SCNavigationViewController.swift in Sources */,
			);
			runOnlyForDeploymentPostprocessing = 0;
		};
		0D43254B22645EC400FBAC1B /* Sources */ = {
			isa = PBXSourcesBuildPhase;
			buildActionMask = 2147483647;
			files = (
				0D43255422645EC400FBAC1B /* SCWeiboAssistantTests.swift in Sources */,
			);
			runOnlyForDeploymentPostprocessing = 0;
		};
		0D43255622645EC400FBAC1B /* Sources */ = {
			isa = PBXSourcesBuildPhase;
			buildActionMask = 2147483647;
			files = (
				0D43255F22645EC400FBAC1B /* SCWeiboAssistantUITests.swift in Sources */,
			);
			runOnlyForDeploymentPostprocessing = 0;
		};
/* End PBXSourcesBuildPhase section */

/* Begin PBXTargetDependency section */
		0D43255122645EC400FBAC1B /* PBXTargetDependency */ = {
			isa = PBXTargetDependency;
			target = 0D43253A22645EC300FBAC1B /* SCWeiboAssistant */;
			targetProxy = 0D43255022645EC400FBAC1B /* PBXContainerItemProxy */;
		};
		0D43255C22645EC400FBAC1B /* PBXTargetDependency */ = {
			isa = PBXTargetDependency;
			target = 0D43253A22645EC300FBAC1B /* SCWeiboAssistant */;
			targetProxy = 0D43255B22645EC400FBAC1B /* PBXContainerItemProxy */;
		};
/* End PBXTargetDependency section */

/* Begin XCBuildConfiguration section */
		0D43256122645EC400FBAC1B /* Debug */ = {
			isa = XCBuildConfiguration;
			buildSettings = {
				ALWAYS_SEARCH_USER_PATHS = NO;
				CLANG_ANALYZER_NONNULL = YES;
				CLANG_ANALYZER_NUMBER_OBJECT_CONVERSION = YES_AGGRESSIVE;
				CLANG_CXX_LANGUAGE_STANDARD = "gnu++14";
				CLANG_CXX_LIBRARY = "libc++";
				CLANG_ENABLE_MODULES = YES;
				CLANG_ENABLE_OBJC_ARC = YES;
				CLANG_ENABLE_OBJC_WEAK = YES;
				CLANG_WARN_BLOCK_CAPTURE_AUTORELEASING = YES;
				CLANG_WARN_BOOL_CONVERSION = YES;
				CLANG_WARN_COMMA = YES;
				CLANG_WARN_CONSTANT_CONVERSION = YES;
				CLANG_WARN_DEPRECATED_OBJC_IMPLEMENTATIONS = YES;
				CLANG_WARN_DIRECT_OBJC_ISA_USAGE = YES_ERROR;
				CLANG_WARN_DOCUMENTATION_COMMENTS = YES;
				CLANG_WARN_EMPTY_BODY = YES;
				CLANG_WARN_ENUM_CONVERSION = YES;
				CLANG_WARN_INFINITE_RECURSION = YES;
				CLANG_WARN_INT_CONVERSION = YES;
				CLANG_WARN_NON_LITERAL_NULL_CONVERSION = YES;
				CLANG_WARN_OBJC_IMPLICIT_RETAIN_SELF = YES;
				CLANG_WARN_OBJC_LITERAL_CONVERSION = YES;
				CLANG_WARN_OBJC_ROOT_CLASS = YES_ERROR;
				CLANG_WARN_RANGE_LOOP_ANALYSIS = YES;
				CLANG_WARN_STRICT_PROTOTYPES = YES;
				CLANG_WARN_SUSPICIOUS_MOVE = YES;
				CLANG_WARN_UNGUARDED_AVAILABILITY = YES_AGGRESSIVE;
				CLANG_WARN_UNREACHABLE_CODE = YES;
				CLANG_WARN__DUPLICATE_METHOD_MATCH = YES;
				CODE_SIGN_IDENTITY = "iPhone Developer";
				COPY_PHASE_STRIP = NO;
				DEBUG_INFORMATION_FORMAT = dwarf;
				ENABLE_STRICT_OBJC_MSGSEND = YES;
				ENABLE_TESTABILITY = YES;
				GCC_C_LANGUAGE_STANDARD = gnu11;
				GCC_DYNAMIC_NO_PIC = NO;
				GCC_NO_COMMON_BLOCKS = YES;
				GCC_OPTIMIZATION_LEVEL = 0;
				GCC_PREPROCESSOR_DEFINITIONS = (
					"DEBUG=1",
					"$(inherited)",
				);
				GCC_WARN_64_TO_32_BIT_CONVERSION = YES;
				GCC_WARN_ABOUT_RETURN_TYPE = YES_ERROR;
				GCC_WARN_UNDECLARED_SELECTOR = YES;
				GCC_WARN_UNINITIALIZED_AUTOS = YES_AGGRESSIVE;
				GCC_WARN_UNUSED_FUNCTION = YES;
				GCC_WARN_UNUSED_VARIABLE = YES;
				IPHONEOS_DEPLOYMENT_TARGET = 12.2;
				MTL_ENABLE_DEBUG_INFO = INCLUDE_SOURCE;
				MTL_FAST_MATH = YES;
				ONLY_ACTIVE_ARCH = YES;
				SDKROOT = iphoneos;
				SWIFT_ACTIVE_COMPILATION_CONDITIONS = DEBUG;
				SWIFT_OPTIMIZATION_LEVEL = "-Onone";
			};
			name = Debug;
		};
		0D43256222645EC400FBAC1B /* Release */ = {
			isa = XCBuildConfiguration;
			buildSettings = {
				ALWAYS_SEARCH_USER_PATHS = NO;
				CLANG_ANALYZER_NONNULL = YES;
				CLANG_ANALYZER_NUMBER_OBJECT_CONVERSION = YES_AGGRESSIVE;
				CLANG_CXX_LANGUAGE_STANDARD = "gnu++14";
				CLANG_CXX_LIBRARY = "libc++";
				CLANG_ENABLE_MODULES = YES;
				CLANG_ENABLE_OBJC_ARC = YES;
				CLANG_ENABLE_OBJC_WEAK = YES;
				CLANG_WARN_BLOCK_CAPTURE_AUTORELEASING = YES;
				CLANG_WARN_BOOL_CONVERSION = YES;
				CLANG_WARN_COMMA = YES;
				CLANG_WARN_CONSTANT_CONVERSION = YES;
				CLANG_WARN_DEPRECATED_OBJC_IMPLEMENTATIONS = YES;
				CLANG_WARN_DIRECT_OBJC_ISA_USAGE = YES_ERROR;
				CLANG_WARN_DOCUMENTATION_COMMENTS = YES;
				CLANG_WARN_EMPTY_BODY = YES;
				CLANG_WARN_ENUM_CONVERSION = YES;
				CLANG_WARN_INFINITE_RECURSION = YES;
				CLANG_WARN_INT_CONVERSION = YES;
				CLANG_WARN_NON_LITERAL_NULL_CONVERSION = YES;
				CLANG_WARN_OBJC_IMPLICIT_RETAIN_SELF = YES;
				CLANG_WARN_OBJC_LITERAL_CONVERSION = YES;
				CLANG_WARN_OBJC_ROOT_CLASS = YES_ERROR;
				CLANG_WARN_RANGE_LOOP_ANALYSIS = YES;
				CLANG_WARN_STRICT_PROTOTYPES = YES;
				CLANG_WARN_SUSPICIOUS_MOVE = YES;
				CLANG_WARN_UNGUARDED_AVAILABILITY = YES_AGGRESSIVE;
				CLANG_WARN_UNREACHABLE_CODE = YES;
				CLANG_WARN__DUPLICATE_METHOD_MATCH = YES;
				CODE_SIGN_IDENTITY = "iPhone Developer";
				COPY_PHASE_STRIP = NO;
				DEBUG_INFORMATION_FORMAT = "dwarf-with-dsym";
				ENABLE_NS_ASSERTIONS = NO;
				ENABLE_STRICT_OBJC_MSGSEND = YES;
				GCC_C_LANGUAGE_STANDARD = gnu11;
				GCC_NO_COMMON_BLOCKS = YES;
				GCC_WARN_64_TO_32_BIT_CONVERSION = YES;
				GCC_WARN_ABOUT_RETURN_TYPE = YES_ERROR;
				GCC_WARN_UNDECLARED_SELECTOR = YES;
				GCC_WARN_UNINITIALIZED_AUTOS = YES_AGGRESSIVE;
				GCC_WARN_UNUSED_FUNCTION = YES;
				GCC_WARN_UNUSED_VARIABLE = YES;
				IPHONEOS_DEPLOYMENT_TARGET = 12.2;
				MTL_ENABLE_DEBUG_INFO = NO;
				MTL_FAST_MATH = YES;
				SDKROOT = iphoneos;
				SWIFT_COMPILATION_MODE = wholemodule;
				SWIFT_OPTIMIZATION_LEVEL = "-O";
				VALIDATE_PRODUCT = YES;
			};
			name = Release;
		};
		0D43256422645EC400FBAC1B /* Debug */ = {
			isa = XCBuildConfiguration;
			baseConfigurationReference = 03463E54F3F98CA7EE9A9A8B /* Pods-SCWeiboAssistant.debug.xcconfig */;
			buildSettings = {
				ASSETCATALOG_COMPILER_APPICON_NAME = AppIcon;
				ASSETCATALOG_COMPILER_LAUNCHIMAGE_NAME = LaunchImage;
				CODE_SIGN_STYLE = Automatic;
				DEVELOPMENT_TEAM = 3CB5U428B8;
				INFOPLIST_FILE = SCWeiboAssistant/Info.plist;
				LD_RUNPATH_SEARCH_PATHS = (
					"$(inherited)",
					"@executable_path/Frameworks",
				);
				PRODUCT_BUNDLE_IDENTIFIER = com.stephencao.project.SCWeiboAssistant;
				PRODUCT_NAME = "$(TARGET_NAME)";
				SWIFT_OBJC_BRIDGING_HEADER = "SCWeiboAssistant/Weibo-Bridge.h";
				SWIFT_VERSION = 5.0;
				TARGETED_DEVICE_FAMILY = "1,2";
			};
			name = Debug;
		};
		0D43256522645EC400FBAC1B /* Release */ = {
			isa = XCBuildConfiguration;
			baseConfigurationReference = DEF30161588E3A756C2BC8F1 /* Pods-SCWeiboAssistant.release.xcconfig */;
			buildSettings = {
				ASSETCATALOG_COMPILER_APPICON_NAME = AppIcon;
				ASSETCATALOG_COMPILER_LAUNCHIMAGE_NAME = LaunchImage;
				CODE_SIGN_STYLE = Automatic;
				DEVELOPMENT_TEAM = 3CB5U428B8;
				INFOPLIST_FILE = SCWeiboAssistant/Info.plist;
				LD_RUNPATH_SEARCH_PATHS = (
					"$(inherited)",
					"@executable_path/Frameworks",
				);
				PRODUCT_BUNDLE_IDENTIFIER = com.stephencao.project.SCWeiboAssistant;
				PRODUCT_NAME = "$(TARGET_NAME)";
				SWIFT_OBJC_BRIDGING_HEADER = "SCWeiboAssistant/Weibo-Bridge.h";
				SWIFT_VERSION = 5.0;
				TARGETED_DEVICE_FAMILY = "1,2";
			};
			name = Release;
		};
		0D43256722645EC400FBAC1B /* Debug */ = {
			isa = XCBuildConfiguration;
			buildSettings = {
				ALWAYS_EMBED_SWIFT_STANDARD_LIBRARIES = YES;
				BUNDLE_LOADER = "$(TEST_HOST)";
				CODE_SIGN_STYLE = Automatic;
				INFOPLIST_FILE = SCWeiboAssistantTests/Info.plist;
				LD_RUNPATH_SEARCH_PATHS = (
					"$(inherited)",
					"@executable_path/Frameworks",
					"@loader_path/Frameworks",
				);
				PRODUCT_BUNDLE_IDENTIFIER = com.stephencao.project.SCWeiboAssistantTests;
				PRODUCT_NAME = "$(TARGET_NAME)";
				SWIFT_VERSION = 5.0;
				TARGETED_DEVICE_FAMILY = "1,2";
				TEST_HOST = "$(BUILT_PRODUCTS_DIR)/SCWeiboAssistant.app/SCWeiboAssistant";
			};
			name = Debug;
		};
		0D43256822645EC400FBAC1B /* Release */ = {
			isa = XCBuildConfiguration;
			buildSettings = {
				ALWAYS_EMBED_SWIFT_STANDARD_LIBRARIES = YES;
				BUNDLE_LOADER = "$(TEST_HOST)";
				CODE_SIGN_STYLE = Automatic;
				INFOPLIST_FILE = SCWeiboAssistantTests/Info.plist;
				LD_RUNPATH_SEARCH_PATHS = (
					"$(inherited)",
					"@executable_path/Frameworks",
					"@loader_path/Frameworks",
				);
				PRODUCT_BUNDLE_IDENTIFIER = com.stephencao.project.SCWeiboAssistantTests;
				PRODUCT_NAME = "$(TARGET_NAME)";
				SWIFT_VERSION = 5.0;
				TARGETED_DEVICE_FAMILY = "1,2";
				TEST_HOST = "$(BUILT_PRODUCTS_DIR)/SCWeiboAssistant.app/SCWeiboAssistant";
			};
			name = Release;
		};
		0D43256A22645EC400FBAC1B /* Debug */ = {
			isa = XCBuildConfiguration;
			buildSettings = {
				ALWAYS_EMBED_SWIFT_STANDARD_LIBRARIES = YES;
				CODE_SIGN_STYLE = Automatic;
				INFOPLIST_FILE = SCWeiboAssistantUITests/Info.plist;
				LD_RUNPATH_SEARCH_PATHS = (
					"$(inherited)",
					"@executable_path/Frameworks",
					"@loader_path/Frameworks",
				);
				PRODUCT_BUNDLE_IDENTIFIER = com.stephencao.project.SCWeiboAssistantUITests;
				PRODUCT_NAME = "$(TARGET_NAME)";
				SWIFT_VERSION = 5.0;
				TARGETED_DEVICE_FAMILY = "1,2";
				TEST_TARGET_NAME = SCWeiboAssistant;
			};
			name = Debug;
		};
		0D43256B22645EC400FBAC1B /* Release */ = {
			isa = XCBuildConfiguration;
			buildSettings = {
				ALWAYS_EMBED_SWIFT_STANDARD_LIBRARIES = YES;
				CODE_SIGN_STYLE = Automatic;
				INFOPLIST_FILE = SCWeiboAssistantUITests/Info.plist;
				LD_RUNPATH_SEARCH_PATHS = (
					"$(inherited)",
					"@executable_path/Frameworks",
					"@loader_path/Frameworks",
				);
				PRODUCT_BUNDLE_IDENTIFIER = com.stephencao.project.SCWeiboAssistantUITests;
				PRODUCT_NAME = "$(TARGET_NAME)";
				SWIFT_VERSION = 5.0;
				TARGETED_DEVICE_FAMILY = "1,2";
				TEST_TARGET_NAME = SCWeiboAssistant;
			};
			name = Release;
		};
/* End XCBuildConfiguration section */

/* Begin XCConfigurationList section */
		0D43253622645EC300FBAC1B /* Build configuration list for PBXProject "SCWeiboAssistant" */ = {
			isa = XCConfigurationList;
			buildConfigurations = (
				0D43256122645EC400FBAC1B /* Debug */,
				0D43256222645EC400FBAC1B /* Release */,
			);
			defaultConfigurationIsVisible = 0;
			defaultConfigurationName = Release;
		};
		0D43256322645EC400FBAC1B /* Build configuration list for PBXNativeTarget "SCWeiboAssistant" */ = {
			isa = XCConfigurationList;
			buildConfigurations = (
				0D43256422645EC400FBAC1B /* Debug */,
				0D43256522645EC400FBAC1B /* Release */,
			);
			defaultConfigurationIsVisible = 0;
			defaultConfigurationName = Release;
		};
		0D43256622645EC400FBAC1B /* Build configuration list for PBXNativeTarget "SCWeiboAssistantTests" */ = {
			isa = XCConfigurationList;
			buildConfigurations = (
				0D43256722645EC400FBAC1B /* Debug */,
				0D43256822645EC400FBAC1B /* Release */,
			);
			defaultConfigurationIsVisible = 0;
			defaultConfigurationName = Release;
		};
		0D43256922645EC400FBAC1B /* Build configuration list for PBXNativeTarget "SCWeiboAssistantUITests" */ = {
			isa = XCConfigurationList;
			buildConfigurations = (
				0D43256A22645EC400FBAC1B /* Debug */,
				0D43256B22645EC400FBAC1B /* Release */,
			);
			defaultConfigurationIsVisible = 0;
			defaultConfigurationName = Release;
		};
/* End XCConfigurationList section */
	};
	rootObject = 0D43253322645EC300FBAC1B /* Project object */;
}
